
Microsoft Visual Studio Solution File, Format Version 12.00
# Visual Studio Version 16
VisualStudioVersion = 16.0.30907.101
MinimumVisualStudioVersion = 10.0.40219.1
Project("{9A19103F-16F7-4668-BE54-9A1E7A4F7556}") = "DataAccess", "DataAccess\DataAccess.csproj", "{2CEC2E9F-2398-4024-8D4F-7BA29644BA46}"
EndProject
Project("{9A19103F-16F7-4668-BE54-9A1E7A4F7556}") = "Business", "Business\Business.csproj", "{2FAA28E0-79FA-46EE-8595-F681BD8F6A34}"
EndProject
Project("{9A19103F-16F7-4668-BE54-9A1E7A4F7556}") = "Entities", "Entities\Entities.csproj", "{D18B0547-6AFA-4D7F-BFEF-FE8C597AE8DE}"
EndProject
Project("{9A19103F-16F7-4668-BE54-9A1E7A4F7556}") = "ConsoleUI", "ConsoleUI\ConsoleUI.csproj", "{D690E963-A3F7-4B7B-913C-70C7337FBBC0}"
EndProject
Project("{FAE04EC0-301F-11D3-BF4B-00C04F79EFBC}") = "Core", "Core\Core.csproj", "{2BC8927F-34AB-433F-A30B-A0DA4F257974}"
EndProject
Global
	GlobalSection(SolutionConfigurationPlatforms) = preSolution
		Debug|Any CPU = Debug|Any CPU
		Release|Any CPU = Release|Any CPU
	EndGlobalSection
	GlobalSection(ProjectConfigurationPlatforms) = postSolution
		{2CEC2E9F-2398-4024-8D4F-7BA29644BA46}.Debug|Any CPU.ActiveCfg = Debug|Any CPU
		{2CEC2E9F-2398-4024-8D4F-7BA29644BA46}.Debug|Any CPU.Build.0 = Debug|Any CPU
		{2CEC2E9F-2398-4024-8D4F-7BA29644BA46}.Release|Any CPU.ActiveCfg = Release|Any CPU
		{2CEC2E9F-2398-4024-8D4F-7BA29644BA46}.Release|Any CPU.Build.0 = Release|Any CPU
		{2FAA28E0-79FA-46EE-8595-F681BD8F6A34}.Debug|Any CPU.ActiveCfg = Debug|Any CPU
		{2FAA28E0-79FA-46EE-8595-F681BD8F6A34}.Debug|Any CPU.Build.0 = Debug|Any CPU
		{2FAA28E0-79FA-46EE-8595-F681BD8F6A34}.Release|Any CPU.ActiveCfg = Release|Any CPU
		{2FAA28E0-79FA-46EE-8595-F681BD8F6A34}.Release|Any CPU.Build.0 = Release|Any CPU
		{D18B0547-6AFA-4D7F-BFEF-FE8C597AE8DE}.Debug|Any CPU.ActiveCfg = Debug|Any CPU
		{D18B0547-6AFA-4D7F-BFEF-FE8C597AE8DE}.Debug|Any CPU.Build.0 = Debug|Any CPU
		{D18B0547-6AFA-4D7F-BFEF-FE8C597AE8DE}.Release|Any CPU.ActiveCfg = Release|Any CPU
		{D18B0547-6AFA-4D7F-BFEF-FE8C597AE8DE}.Release|Any CPU.Build.0 = Release|Any CPU
		{D690E963-A3F7-4B7B-913C-70C7337FBBC0}.Debug|Any CPU.ActiveCfg = Debug|Any CPU
		{D690E963-A3F7-4B7B-913C-70C7337FBBC0}.Debug|Any CPU.Build.0 = Debug|Any CPU
		{D690E963-A3F7-4B7B-913C-70C7337FBBC0}.Release|Any CPU.ActiveCfg = Release|Any CPU
		{D690E963-A3F7-4B7B-913C-70C7337FBBC0}.Release|Any CPU.Build.0 = Release|Any CPU
		{2BC8927F-34AB-433F-A30B-A0DA4F257974}.Debug|Any CPU.ActiveCfg = Debug|Any CPU
		{2BC8927F-34AB-433F-A30B-A0DA4F257974}.Debug|Any CPU.Build.0 = Debug|Any CPU
		{2BC8927F-34AB-433F-A30B-A0DA4F257974}.Release|Any CPU.ActiveCfg = Release|Any CPU
		{2BC8927F-34AB-433F-A30B-A0DA4F257974}.Release|Any CPU.Build.0 = Release|Any CPU
	EndGlobalSection
	GlobalSection(SolutionProperties) = preSolution
		HideSolutionNode = FALSE
	EndGlobalSection
	GlobalSection(ExtensibilityGlobals) = postSolution
		SolutionGuid = {09CB76E9-9606-46CC-AD12-E186CEF71612}
	EndGlobalSection
EndGlobal
